// !$*UTF8*$!
{
	archiveVersion = 1;
	classes = {
	};
	objectVersion = 56;
	objects = {

/* Begin PBXBuildFile section */
		9FF9BDFB2A32C4D400BEB4D9 /* Bcast6000App.swift in Sources */ = {isa = PBXBuildFile; fileRef = 9FF9BDFA2A32C4D400BEB4D9 /* Bcast6000App.swift */; };
		9FF9BDFD2A32C4D400BEB4D9 /* ContentView.swift in Sources */ = {isa = PBXBuildFile; fileRef = 9FF9BDFC2A32C4D400BEB4D9 /* ContentView.swift */; };
		9FF9BDFF2A32C4D500BEB4D9 /* Assets.xcassets in Resources */ = {isa = PBXBuildFile; fileRef = 9FF9BDFE2A32C4D500BEB4D9 /* Assets.xcassets */; };
		9FF9BE022A32C4D500BEB4D9 /* Preview Assets.xcassets in Resources */ = {isa = PBXBuildFile; fileRef = 9FF9BE012A32C4D500BEB4D9 /* Preview Assets.xcassets */; };
		9FF9BE0B2A32CC0B00BEB4D9 /* FlexApi in Frameworks */ = {isa = PBXBuildFile; productRef = 9FF9BE0A2A32CC0B00BEB4D9 /* FlexApi */; };
		9FF9BE0D2A32CC0B00BEB4D9 /* Udp in Frameworks */ = {isa = PBXBuildFile; productRef = 9FF9BE0C2A32CC0B00BEB4D9 /* Udp */; };
		9FF9BE0F2A32CC0B00BEB4D9 /* Vita in Frameworks */ = {isa = PBXBuildFile; productRef = 9FF9BE0E2A32CC0B00BEB4D9 /* Vita */; };
		9FF9BE112A32CEEA00BEB4D9 /* Broadcaster.swift in Sources */ = {isa = PBXBuildFile; fileRef = 9FF9BE102A32CEEA00BEB4D9 /* Broadcaster.swift */; };
		9FF9BE142A32D00800BEB4D9 /* CocoaAsyncSocket in Frameworks */ = {isa = PBXBuildFile; productRef = 9FF9BE132A32D00800BEB4D9 /* CocoaAsyncSocket */; };
/* End PBXBuildFile section */

/* Begin PBXFileReference section */
		9FF9BDF72A32C4D400BEB4D9 /* Bcast6000.app */ = {isa = PBXFileReference; explicitFileType = wrapper.application; includeInIndex = 0; path = Bcast6000.app; sourceTree = BUILT_PRODUCTS_DIR; };
		9FF9BDFA2A32C4D400BEB4D9 /* Bcast6000App.swift */ = {isa = PBXFileReference; lastKnownFileType = sourcecode.swift; path = Bcast6000App.swift; sourceTree = "<group>"; };
		9FF9BDFC2A32C4D400BEB4D9 /* ContentView.swift */ = {isa = PBXFileReference; lastKnownFileType = sourcecode.swift; path = ContentView.swift; sourceTree = "<group>"; };
		9FF9BDFE2A32C4D500BEB4D9 /* Assets.xcassets */ = {isa = PBXFileReference; lastKnownFileType = folder.assetcatalog; path = Assets.xcassets; sourceTree = "<group>"; };
		9FF9BE012A32C4D500BEB4D9 /* Preview Assets.xcassets */ = {isa = PBXFileReference; lastKnownFileType = folder.assetcatalog; path = "Preview Assets.xcassets"; sourceTree = "<group>"; };
		9FF9BE032A32C4D500BEB4D9 /* Bcast6000.entitlements */ = {isa = PBXFileReference; lastKnownFileType = text.plist.entitlements; path = Bcast6000.entitlements; sourceTree = "<group>"; };
		9FF9BE102A32CEEA00BEB4D9 /* Broadcaster.swift */ = {isa = PBXFileReference; lastKnownFileType = sourcecode.swift; path = Broadcaster.swift; sourceTree = "<group>"; };
		9FF9BE162A33EFB200BEB4D9 /* ApiFeatures */ = {isa = PBXFileReference; lastKnownFileType = wrapper; name = ApiFeatures; path = ../Packages/ApiFeatures; sourceTree = "<group>"; };
/* End PBXFileReference section */

/* Begin PBXFrameworksBuildPhase section */
		9FF9BDF42A32C4D400BEB4D9 /* Frameworks */ = {
			isa = PBXFrameworksBuildPhase;
			buildActionMask = 2147483647;
			files = (
				9FF9BE142A32D00800BEB4D9 /* CocoaAsyncSocket in Frameworks */,
				9FF9BE0F2A32CC0B00BEB4D9 /* Vita in Frameworks */,
				9FF9BE0D2A32CC0B00BEB4D9 /* Udp in Frameworks */,
				9FF9BE0B2A32CC0B00BEB4D9 /* FlexApi in Frameworks */,
			);
			runOnlyForDeploymentPostprocessing = 0;
		};
/* End PBXFrameworksBuildPhase section */

/* Begin PBXGroup section */
		9FF9BDEE2A32C4D400BEB4D9 = {
			isa = PBXGroup;
			children = (
				9FF9BE162A33EFB200BEB4D9 /* ApiFeatures */,
				9FF9BDF92A32C4D400BEB4D9 /* Bcast6000 */,
				9FF9BDF82A32C4D400BEB4D9 /* Products */,
			);
			sourceTree = "<group>";
		};
		9FF9BDF82A32C4D400BEB4D9 /* Products */ = {
			isa = PBXGroup;
			children = (
				9FF9BDF72A32C4D400BEB4D9 /* Bcast6000.app */,
			);
			name = Products;
			sourceTree = "<group>";
		};
		9FF9BDF92A32C4D400BEB4D9 /* Bcast6000 */ = {
			isa = PBXGroup;
			children = (
				9FF9BDFA2A32C4D400BEB4D9 /* Bcast6000App.swift */,
				9FF9BDFC2A32C4D400BEB4D9 /* ContentView.swift */,
				9FF9BDFE2A32C4D500BEB4D9 /* Assets.xcassets */,
				9FF9BE032A32C4D500BEB4D9 /* Bcast6000.entitlements */,
				9FF9BE002A32C4D500BEB4D9 /* Preview Content */,
				9FF9BE102A32CEEA00BEB4D9 /* Broadcaster.swift */,
			);
			path = Bcast6000;
			sourceTree = "<group>";
		};
		9FF9BE002A32C4D500BEB4D9 /* Preview Content */ = {
			isa = PBXGroup;
			children = (
				9FF9BE012A32C4D500BEB4D9 /* Preview Assets.xcassets */,
			);
			path = "Preview Content";
			sourceTree = "<group>";
		};
/* End PBXGroup section */

/* Begin PBXNativeTarget section */
		9FF9BDF62A32C4D400BEB4D9 /* Bcast6000 */ = {
			isa = PBXNativeTarget;
			buildConfigurationList = 9FF9BE062A32C4D500BEB4D9 /* Build configuration list for PBXNativeTarget "Bcast6000" */;
			buildPhases = (
				9FF9BDF32A32C4D400BEB4D9 /* Sources */,
				9FF9BDF42A32C4D400BEB4D9 /* Frameworks */,
				9FF9BDF52A32C4D400BEB4D9 /* Resources */,
			);
			buildRules = (
			);
			dependencies = (
			);
			name = Bcast6000;
			packageProductDependencies = (
				9FF9BE0A2A32CC0B00BEB4D9 /* FlexApi */,
				9FF9BE0C2A32CC0B00BEB4D9 /* Udp */,
				9FF9BE0E2A32CC0B00BEB4D9 /* Vita */,
				9FF9BE132A32D00800BEB4D9 /* CocoaAsyncSocket */,
			);
			productName = Bcast6000;
			productReference = 9FF9BDF72A32C4D400BEB4D9 /* Bcast6000.app */;
			productType = "com.apple.product-type.application";
		};
/* End PBXNativeTarget section */

/* Begin PBXProject section */
		9FF9BDEF2A32C4D400BEB4D9 /* Project object */ = {
			isa = PBXProject;
			attributes = {
				BuildIndependentTargetsInParallel = 1;
				LastSwiftUpdateCheck = 1430;
				LastUpgradeCheck = 1430;
				TargetAttributes = {
					9FF9BDF62A32C4D400BEB4D9 = {
						CreatedOnToolsVersion = 14.3.1;
					};
				};
			};
			buildConfigurationList = 9FF9BDF22A32C4D400BEB4D9 /* Build configuration list for PBXProject "Bcast6000" */;
			compatibilityVersion = "Xcode 14.0";
			developmentRegion = en;
			hasScannedForEncodings = 0;
			knownRegions = (
				en,
				Base,
			);
			mainGroup = 9FF9BDEE2A32C4D400BEB4D9;
			packageReferences = (
				9FF9BE092A32CC0B00BEB4D9 /* XCRemoteSwiftPackageReference "ApiFeatures" */,
				9FF9BE122A32D00800BEB4D9 /* XCRemoteSwiftPackageReference "CocoaAsyncSocket" */,
			);
			productRefGroup = 9FF9BDF82A32C4D400BEB4D9 /* Products */;
			projectDirPath = "";
			projectRoot = "";
			targets = (
				9FF9BDF62A32C4D400BEB4D9 /* Bcast6000 */,
			);
		};
/* End PBXProject section */

/* Begin PBXResourcesBuildPhase section */
		9FF9BDF52A32C4D400BEB4D9 /* Resources */ = {
			isa = PBXResourcesBuildPhase;
			buildActionMask = 2147483647;
			files = (
				9FF9BE022A32C4D500BEB4D9 /* Preview Assets.xcassets in Resources */,
				9FF9BDFF2A32C4D500BEB4D9 /* Assets.xcassets in Resources */,
			);
			runOnlyForDeploymentPostprocessing = 0;
		};
/* End PBXResourcesBuildPhase section */

/* Begin PBXSourcesBuildPhase section */
		9FF9BDF32A32C4D400BEB4D9 /* Sources */ = {
			isa = PBXSourcesBuildPhase;
			buildActionMask = 2147483647;
			files = (
				9FF9BDFD2A32C4D400BEB4D9 /* ContentView.swift in Sources */,
				9FF9BDFB2A32C4D400BEB4D9 /* Bcast6000App.swift in Sources */,
				9FF9BE112A32CEEA00BEB4D9 /* Broadcaster.swift in Sources */,
			);
			runOnlyForDeploymentPostprocessing = 0;
		};
/* End PBXSourcesBuildPhase section */

/* Begin XCBuildConfiguration section */
		9FF9BE042A32C4D500BEB4D9 /* Debug */ = {
			isa = XCBuildConfiguration;
			buildSettings = {
				ALWAYS_SEARCH_USER_PATHS = NO;
				CLANG_ANALYZER_NONNULL = YES;
				CLANG_ANALYZER_NUMBER_OBJECT_CONVERSION = YES_AGGRESSIVE;
				CLANG_CXX_LANGUAGE_STANDARD = "gnu++20";
				CLANG_ENABLE_MODULES = YES;
				CLANG_ENABLE_OBJC_ARC = YES;
				CLANG_ENABLE_OBJC_WEAK = YES;
				CLANG_WARN_BLOCK_CAPTURE_AUTORELEASING = YES;
				CLANG_WARN_BOOL_CONVERSION = YES;
				CLANG_WARN_COMMA = YES;
				CLANG_WARN_CONSTANT_CONVERSION = YES;
				CLANG_WARN_DEPRECATED_OBJC_IMPLEMENTATIONS = YES;
				CLANG_WARN_DIRECT_OBJC_ISA_USAGE = YES_ERROR;
				CLANG_WARN_DOCUMENTATION_COMMENTS = YES;
				CLANG_WARN_EMPTY_BODY = YES;
				CLANG_WARN_ENUM_CONVERSION = YES;
				CLANG_WARN_INFINITE_RECURSION = YES;
				CLANG_WARN_INT_CONVERSION = YES;
				CLANG_WARN_NON_LITERAL_NULL_CONVERSION = YES;
				CLANG_WARN_OBJC_IMPLICIT_RETAIN_SELF = YES;
				CLANG_WARN_OBJC_LITERAL_CONVERSION = YES;
				CLANG_WARN_OBJC_ROOT_CLASS = YES_ERROR;
				CLANG_WARN_QUOTED_INCLUDE_IN_FRAMEWORK_HEADER = YES;
				CLANG_WARN_RANGE_LOOP_ANALYSIS = YES;
				CLANG_WARN_STRICT_PROTOTYPES = YES;
				CLANG_WARN_SUSPICIOUS_MOVE = YES;
				CLANG_WARN_UNGUARDED_AVAILABILITY = YES_AGGRESSIVE;
				CLANG_WARN_UNREACHABLE_CODE = YES;
				CLANG_WARN__DUPLICATE_METHOD_MATCH = YES;
				COPY_PHASE_STRIP = NO;
				DEBUG_INFORMATION_FORMAT = dwarf;
				ENABLE_STRICT_OBJC_MSGSEND = YES;
				ENABLE_TESTABILITY = YES;
				GCC_C_LANGUAGE_STANDARD = gnu11;
				GCC_DYNAMIC_NO_PIC = NO;
				GCC_NO_COMMON_BLOCKS = YES;
				GCC_OPTIMIZATION_LEVEL = 0;
				GCC_PREPROCESSOR_DEFINITIONS = (
					"DEBUG=1",
					"$(inherited)",
				);
				GCC_WARN_64_TO_32_BIT_CONVERSION = YES;
				GCC_WARN_ABOUT_RETURN_TYPE = YES_ERROR;
				GCC_WARN_UNDECLARED_SELECTOR = YES;
				GCC_WARN_UNINITIALIZED_AUTOS = YES_AGGRESSIVE;
				GCC_WARN_UNUSED_FUNCTION = YES;
				GCC_WARN_UNUSED_VARIABLE = YES;
				MACOSX_DEPLOYMENT_TARGET = 13.3;
				MTL_ENABLE_DEBUG_INFO = INCLUDE_SOURCE;
				MTL_FAST_MATH = YES;
				ONLY_ACTIVE_ARCH = YES;
				SDKROOT = macosx;
				SWIFT_ACTIVE_COMPILATION_CONDITIONS = DEBUG;
				SWIFT_OPTIMIZATION_LEVEL = "-Onone";
			};
			name = Debug;
		};
		9FF9BE052A32C4D500BEB4D9 /* Release */ = {
			isa = XCBuildConfiguration;
			buildSettings = {
				ALWAYS_SEARCH_USER_PATHS = NO;
				CLANG_ANALYZER_NONNULL = YES;
				CLANG_ANALYZER_NUMBER_OBJECT_CONVERSION = YES_AGGRESSIVE;
				CLANG_CXX_LANGUAGE_STANDARD = "gnu++20";
				CLANG_ENABLE_MODULES = YES;
				CLANG_ENABLE_OBJC_ARC = YES;
				CLANG_ENABLE_OBJC_WEAK = YES;
				CLANG_WARN_BLOCK_CAPTURE_AUTORELEASING = YES;
				CLANG_WARN_BOOL_CONVERSION = YES;
				CLANG_WARN_COMMA = YES;
				CLANG_WARN_CONSTANT_CONVERSION = YES;
				CLANG_WARN_DEPRECATED_OBJC_IMPLEMENTATIONS = YES;
				CLANG_WARN_DIRECT_OBJC_ISA_USAGE = YES_ERROR;
				CLANG_WARN_DOCUMENTATION_COMMENTS = YES;
				CLANG_WARN_EMPTY_BODY = YES;
				CLANG_WARN_ENUM_CONVERSION = YES;
				CLANG_WARN_INFINITE_RECURSION = YES;
				CLANG_WARN_INT_CONVERSION = YES;
				CLANG_WARN_NON_LITERAL_NULL_CONVERSION = YES;
				CLANG_WARN_OBJC_IMPLICIT_RETAIN_SELF = YES;
				CLANG_WARN_OBJC_LITERAL_CONVERSION = YES;
				CLANG_WARN_OBJC_ROOT_CLASS = YES_ERROR;
				CLANG_WARN_QUOTED_INCLUDE_IN_FRAMEWORK_HEADER = YES;
				CLANG_WARN_RANGE_LOOP_ANALYSIS = YES;
				CLANG_WARN_STRICT_PROTOTYPES = YES;
				CLANG_WARN_SUSPICIOUS_MOVE = YES;
				CLANG_WARN_UNGUARDED_AVAILABILITY = YES_AGGRESSIVE;
				CLANG_WARN_UNREACHABLE_CODE = YES;
				CLANG_WARN__DUPLICATE_METHOD_MATCH = YES;
				COPY_PHASE_STRIP = NO;
				DEBUG_INFORMATION_FORMAT = "dwarf-with-dsym";
				ENABLE_NS_ASSERTIONS = NO;
				ENABLE_STRICT_OBJC_MSGSEND = YES;
				GCC_C_LANGUAGE_STANDARD = gnu11;
				GCC_NO_COMMON_BLOCKS = YES;
				GCC_WARN_64_TO_32_BIT_CONVERSION = YES;
				GCC_WARN_ABOUT_RETURN_TYPE = YES_ERROR;
				GCC_WARN_UNDECLARED_SELECTOR = YES;
				GCC_WARN_UNINITIALIZED_AUTOS = YES_AGGRESSIVE;
				GCC_WARN_UNUSED_FUNCTION = YES;
				GCC_WARN_UNUSED_VARIABLE = YES;
				MACOSX_DEPLOYMENT_TARGET = 13.3;
				MTL_ENABLE_DEBUG_INFO = NO;
				MTL_FAST_MATH = YES;
				SDKROOT = macosx;
				SWIFT_COMPILATION_MODE = wholemodule;
				SWIFT_OPTIMIZATION_LEVEL = "-O";
			};
			name = Release;
		};
		9FF9BE072A32C4D500BEB4D9 /* Debug */ = {
			isa = XCBuildConfiguration;
			buildSettings = {
				ASSETCATALOG_COMPILER_APPICON_NAME = AppIcon;
				ASSETCATALOG_COMPILER_GLOBAL_ACCENT_COLOR_NAME = AccentColor;
				CODE_SIGN_ENTITLEMENTS = Bcast6000/Bcast6000.entitlements;
				CODE_SIGN_STYLE = Automatic;
				COMBINE_HIDPI_IMAGES = YES;
				CURRENT_PROJECT_VERSION = 1;
				DEVELOPMENT_ASSET_PATHS = "\"Bcast6000/Preview Content\"";
				DEVELOPMENT_TEAM = EE5B8TYXGA;
				ENABLE_HARDENED_RUNTIME = YES;
				ENABLE_PREVIEWS = YES;
				GENERATE_INFOPLIST_FILE = YES;
				INFOPLIST_KEY_NSHumanReadableCopyright = "";
				LD_RUNPATH_SEARCH_PATHS = (
					"$(inherited)",
					"@executable_path/../Frameworks",
				);
				MARKETING_VERSION = 1.1;
				PRODUCT_BUNDLE_IDENTIFIER = net.k3tzr.Bcast6000;
				PRODUCT_NAME = "$(TARGET_NAME)";
				SWIFT_EMIT_LOC_STRINGS = YES;
				SWIFT_VERSION = 5.0;
			};
			name = Debug;
		};
		9FF9BE082A32C4D500BEB4D9 /* Release */ = {
			isa = XCBuildConfiguration;
			buildSettings = {
				ASSETCATALOG_COMPILER_APPICON_NAME = AppIcon;
				ASSETCATALOG_COMPILER_GLOBAL_ACCENT_COLOR_NAME = AccentColor;
				CODE_SIGN_ENTITLEMENTS = Bcast6000/Bcast6000.entitlements;
				CODE_SIGN_STYLE = Automatic;
				COMBINE_HIDPI_IMAGES = YES;
				CURRENT_PROJECT_VERSION = 1;
				DEVELOPMENT_ASSET_PATHS = "\"Bcast6000/Preview Content\"";
				DEVELOPMENT_TEAM = EE5B8TYXGA;
				ENABLE_HARDENED_RUNTIME = YES;
				ENABLE_PREVIEWS = YES;
				GENERATE_INFOPLIST_FILE = YES;
				INFOPLIST_KEY_NSHumanReadableCopyright = "";
				LD_RUNPATH_SEARCH_PATHS = (
					"$(inherited)",
					"@executable_path/../Frameworks",
				);
				MARKETING_VERSION = 1.1;
				PRODUCT_BUNDLE_IDENTIFIER = net.k3tzr.Bcast6000;
				PRODUCT_NAME = "$(TARGET_NAME)";
				SWIFT_EMIT_LOC_STRINGS = YES;
				SWIFT_VERSION = 5.0;
			};
			name = Release;
		};
/* End XCBuildConfiguration section */

/* Begin XCConfigurationList section */
		9FF9BDF22A32C4D400BEB4D9 /* Build configuration list for PBXProject "Bcast6000" */ = {
			isa = XCConfigurationList;
			buildConfigurations = (
				9FF9BE042A32C4D500BEB4D9 /* Debug */,
				9FF9BE052A32C4D500BEB4D9 /* Release */,
			);
			defaultConfigurationIsVisible = 0;
			defaultConfigurationName = Release;
		};
		9FF9BE062A32C4D500BEB4D9 /* Build configuration list for PBXNativeTarget "Bcast6000" */ = {
			isa = XCConfigurationList;
			buildConfigurations = (
				9FF9BE072A32C4D500BEB4D9 /* Debug */,
				9FF9BE082A32C4D500BEB4D9 /* Release */,
			);
			defaultConfigurationIsVisible = 0;
			defaultConfigurationName = Release;
		};
/* End XCConfigurationList section */

/* Begin XCRemoteSwiftPackageReference section */
		9FF9BE092A32CC0B00BEB4D9 /* XCRemoteSwiftPackageReference "ApiFeatures" */ = {
			isa = XCRemoteSwiftPackageReference;
			repositoryURL = "https://github.com/K3TZR/ApiFeatures.git";
			requirement = {
				branch = main;
				kind = branch;
			};
		};
		9FF9BE122A32D00800BEB4D9 /* XCRemoteSwiftPackageReference "CocoaAsyncSocket" */ = {
			isa = XCRemoteSwiftPackageReference;
			repositoryURL = "https://github.com/robbiehanson/CocoaAsyncSocket.git";
			requirement = {
				kind = upToNextMajorVersion;
				minimumVersion = 7.0.0;
			};
		};
/* End XCRemoteSwiftPackageReference section */

/* Begin XCSwiftPackageProductDependency section */
		9FF9BE0A2A32CC0B00BEB4D9 /* FlexApi */ = {
			isa = XCSwiftPackageProductDependency;
			package = 9FF9BE092A32CC0B00BEB4D9 /* XCRemoteSwiftPackageReference "ApiFeatures" */;
			productName = FlexApi;
		};
		9FF9BE0C2A32CC0B00BEB4D9 /* Udp */ = {
			isa = XCSwiftPackageProductDependency;
			package = 9FF9BE092A32CC0B00BEB4D9 /* XCRemoteSwiftPackageReference "ApiFeatures" */;
			productName = Udp;
		};
		9FF9BE0E2A32CC0B00BEB4D9 /* Vita */ = {
			isa = XCSwiftPackageProductDependency;
			package = 9FF9BE092A32CC0B00BEB4D9 /* XCRemoteSwiftPackageReference "ApiFeatures" */;
			productName = Vita;
		};
		9FF9BE132A32D00800BEB4D9 /* CocoaAsyncSocket */ = {
			isa = XCSwiftPackageProductDependency;
			package = 9FF9BE122A32D00800BEB4D9 /* XCRemoteSwiftPackageReference "CocoaAsyncSocket" */;
			productName = CocoaAsyncSocket;
		};
/* End XCSwiftPackageProductDependency section */
	};
	rootObject = 9FF9BDEF2A32C4D400BEB4D9 /* Project object */;
}
